// !$*UTF8*$!
{
	archiveVersion = 1;
	classes = {
	};
	objectVersion = 56;
	objects = {

/* Begin PBXBuildFile section */
		3181A0282B569CC300943C00 /* InstReelsApp.swift in Sources */ = {isa = PBXBuildFile; fileRef = 3181A0272B569CC300943C00 /* InstReelsApp.swift */; };
		3181A02C2B569CC600943C00 /* Assets.xcassets in Resources */ = {isa = PBXBuildFile; fileRef = 3181A02B2B569CC600943C00 /* Assets.xcassets */; };
		3181A02F2B569CC600943C00 /* Preview Assets.xcassets in Resources */ = {isa = PBXBuildFile; fileRef = 3181A02E2B569CC600943C00 /* Preview Assets.xcassets */; };
		3181A03A2B569D0400943C00 /* Reel5.MP4 in Resources */ = {isa = PBXBuildFile; fileRef = 3181A0372B569D0300943C00 /* Reel5.MP4 */; };
		3181A03B2B569D0400943C00 /* Reel2.mov in Resources */ = {isa = PBXBuildFile; fileRef = 3181A0382B569D0400943C00 /* Reel2.mov */; };
		3181A03C2B569D0400943C00 /* Reel4.MP4 in Resources */ = {isa = PBXBuildFile; fileRef = 3181A0392B569D0400943C00 /* Reel4.MP4 */; };
		3181A03E2B569D2400943C00 /* Reel3.MP4 in Resources */ = {isa = PBXBuildFile; fileRef = 3181A03D2B569D2400943C00 /* Reel3.MP4 */; };
		3181A0422B569D8300943C00 /* MainView.swift in Sources */ = {isa = PBXBuildFile; fileRef = 3181A0412B569D8300943C00 /* MainView.swift */; };
		3181A0442B569DA900943C00 /* ReelView.swift in Sources */ = {isa = PBXBuildFile; fileRef = 3181A0432B569DA900943C00 /* ReelView.swift */; };
		3181A0462B569DCA00943C00 /* VideoPlayer.swift in Sources */ = {isa = PBXBuildFile; fileRef = 3181A0452B569DCA00943C00 /* VideoPlayer.swift */; };
		3181A0482B569DEE00943C00 /* ReelModel.swift in Sources */ = {isa = PBXBuildFile; fileRef = 3181A0472B569DEE00943C00 /* ReelModel.swift */; };
		3181A04A2B569E0E00943C00 /* MediaModel.swift in Sources */ = {isa = PBXBuildFile; fileRef = 3181A0492B569E0E00943C00 /* MediaModel.swift */; };
/* End PBXBuildFile section */

/* Begin PBXFileReference section */
		3181A0242B569CC300943C00 /* InstReels.app */ = {isa = PBXFileReference; explicitFileType = wrapper.application; includeInIndex = 0; path = InstReels.app; sourceTree = BUILT_PRODUCTS_DIR; };
		3181A0272B569CC300943C00 /* InstReelsApp.swift */ = {isa = PBXFileReference; lastKnownFileType = sourcecode.swift; path = InstReelsApp.swift; sourceTree = "<group>"; };
		3181A02B2B569CC600943C00 /* Assets.xcassets */ = {isa = PBXFileReference; lastKnownFileType = folder.assetcatalog; path = Assets.xcassets; sourceTree = "<group>"; };
		3181A02E2B569CC600943C00 /* Preview Assets.xcassets */ = {isa = PBXFileReference; lastKnownFileType = folder.assetcatalog; path = "Preview Assets.xcassets"; sourceTree = "<group>"; };
		3181A0372B569D0300943C00 /* Reel5.MP4 */ = {isa = PBXFileReference; lastKnownFileType = file; path = Reel5.MP4; sourceTree = "<group>"; };
		3181A0382B569D0400943C00 /* Reel2.mov */ = {isa = PBXFileReference; lastKnownFileType = video.quicktime; path = Reel2.mov; sourceTree = "<group>"; };
		3181A0392B569D0400943C00 /* Reel4.MP4 */ = {isa = PBXFileReference; lastKnownFileType = file; path = Reel4.MP4; sourceTree = "<group>"; };
		3181A03D2B569D2400943C00 /* Reel3.MP4 */ = {isa = PBXFileReference; lastKnownFileType = file; path = Reel3.MP4; sourceTree = "<group>"; };
		3181A0412B569D8300943C00 /* MainView.swift */ = {isa = PBXFileReference; lastKnownFileType = sourcecode.swift; path = MainView.swift; sourceTree = "<group>"; };
		3181A0432B569DA900943C00 /* ReelView.swift */ = {isa = PBXFileReference; lastKnownFileType = sourcecode.swift; path = ReelView.swift; sourceTree = "<group>"; };
		3181A0452B569DCA00943C00 /* VideoPlayer.swift */ = {isa = PBXFileReference; lastKnownFileType = sourcecode.swift; path = VideoPlayer.swift; sourceTree = "<group>"; };
		3181A0472B569DEE00943C00 /* ReelModel.swift */ = {isa = PBXFileReference; lastKnownFileType = sourcecode.swift; path = ReelModel.swift; sourceTree = "<group>"; };
		3181A0492B569E0E00943C00 /* MediaModel.swift */ = {isa = PBXFileReference; lastKnownFileType = sourcecode.swift; path = MediaModel.swift; sourceTree = "<group>"; };
/* End PBXFileReference section */

/* Begin PBXFrameworksBuildPhase section */
		3181A0212B569CC300943C00 /* Frameworks */ = {
			isa = PBXFrameworksBuildPhase;
			buildActionMask = 2147483647;
			files = (
			);
			runOnlyForDeploymentPostprocessing = 0;
		};
/* End PBXFrameworksBuildPhase section */

/* Begin PBXGroup section */
		3181A01B2B569CC300943C00 = {
			isa = PBXGroup;
			children = (
				3181A03D2B569D2400943C00 /* Reel3.MP4 */,
				3181A0382B569D0400943C00 /* Reel2.mov */,
				3181A0392B569D0400943C00 /* Reel4.MP4 */,
				3181A0372B569D0300943C00 /* Reel5.MP4 */,
				3181A02B2B569CC600943C00 /* Assets.xcassets */,
				3181A0262B569CC300943C00 /* InstReels */,
				3181A0252B569CC300943C00 /* Products */,
			);
			sourceTree = "<group>";
		};
		3181A0252B569CC300943C00 /* Products */ = {
			isa = PBXGroup;
			children = (
				3181A0242B569CC300943C00 /* InstReels.app */,
			);
			name = Products;
			sourceTree = "<group>";
		};
		3181A0262B569CC300943C00 /* InstReels */ = {
			isa = PBXGroup;
			children = (
				3181A0402B569D3300943C00 /* Model */,
				3181A03F2B569D2C00943C00 /* View */,
				3181A04B2B569E4500943C00 /* App */,
				3181A02D2B569CC600943C00 /* Preview Content */,
			);
			path = InstReels;
			sourceTree = "<group>";
		};
		3181A02D2B569CC600943C00 /* Preview Content */ = {
			isa = PBXGroup;
			children = (
				3181A02E2B569CC600943C00 /* Preview Assets.xcassets */,
			);
			path = "Preview Content";
			sourceTree = "<group>";
		};
		3181A03F2B569D2C00943C00 /* View */ = {
			isa = PBXGroup;
			children = (
				3181A0412B569D8300943C00 /* MainView.swift */,
				3181A0432B569DA900943C00 /* ReelView.swift */,
				3181A0452B569DCA00943C00 /* VideoPlayer.swift */,
			);
			path = View;
			sourceTree = "<group>";
		};
		3181A0402B569D3300943C00 /* Model */ = {
			isa = PBXGroup;
			children = (
				3181A0472B569DEE00943C00 /* ReelModel.swift */,
				3181A0492B569E0E00943C00 /* MediaModel.swift */,
			);
			path = Model;
			sourceTree = "<group>";
		};
		3181A04B2B569E4500943C00 /* App */ = {
			isa = PBXGroup;
			children = (
				3181A0272B569CC300943C00 /* InstReelsApp.swift */,
			);
			path = App;
			sourceTree = "<group>";
		};
/* End PBXGroup section */

/* Begin PBXNativeTarget section */
		3181A0232B569CC300943C00 /* InstReels */ = {
			isa = PBXNativeTarget;
			buildConfigurationList = 3181A0322B569CC600943C00 /* Build configuration list for PBXNativeTarget "InstReels" */;
			buildPhases = (
				3181A0202B569CC300943C00 /* Sources */,
				3181A0212B569CC300943C00 /* Frameworks */,
				3181A0222B569CC300943C00 /* Resources */,
			);
			buildRules = (
			);
			dependencies = (
			);
			name = InstReels;
			productName = InstReels;
			productReference = 3181A0242B569CC300943C00 /* InstReels.app */;
			productType = "com.apple.product-type.application";
		};
/* End PBXNativeTarget section */

/* Begin PBXProject section */
		3181A01C2B569CC300943C00 /* Project object */ = {
			isa = PBXProject;
			attributes = {
				BuildIndependentTargetsInParallel = 1;
				LastSwiftUpdateCheck = 1510;
				LastUpgradeCheck = 1510;
				TargetAttributes = {
					3181A0232B569CC300943C00 = {
						CreatedOnToolsVersion = 15.1;
					};
				};
			};
			buildConfigurationList = 3181A01F2B569CC300943C00 /* Build configuration list for PBXProject "InstReels" */;
			compatibilityVersion = "Xcode 14.0";
			developmentRegion = en;
			hasScannedForEncodings = 0;
			knownRegions = (
				en,
				Base,
			);
			mainGroup = 3181A01B2B569CC300943C00;
			productRefGroup = 3181A0252B569CC300943C00 /* Products */;
			projectDirPath = "";
			projectRoot = "";
			targets = (
				3181A0232B569CC300943C00 /* InstReels */,
			);
		};
/* End PBXProject section */

/* Begin PBXResourcesBuildPhase section */
		3181A0222B569CC300943C00 /* Resources */ = {
			isa = PBXResourcesBuildPhase;
			buildActionMask = 2147483647;
			files = (
				3181A03E2B569D2400943C00 /* Reel3.MP4 in Resources */,
				3181A03A2B569D0400943C00 /* Reel5.MP4 in Resources */,
				3181A03B2B569D0400943C00 /* Reel2.mov in Resources */,
				3181A03C2B569D0400943C00 /* Reel4.MP4 in Resources */,
				3181A02F2B569CC600943C00 /* Preview Assets.xcassets in Resources */,
				3181A02C2B569CC600943C00 /* Assets.xcassets in Resources */,
			);
			runOnlyForDeploymentPostprocessing = 0;
		};
/* End PBXResourcesBuildPhase section */

/* Begin PBXSourcesBuildPhase section */
		3181A0202B569CC300943C00 /* Sources */ = {
			isa = PBXSourcesBuildPhase;
			buildActionMask = 2147483647;
			files = (
				3181A0442B569DA900943C00 /* ReelView.swift in Sources */,
				3181A0462B569DCA00943C00 /* VideoPlayer.swift in Sources */,
				3181A04A2B569E0E00943C00 /* MediaModel.swift in Sources */,
				3181A0482B569DEE00943C00 /* ReelModel.swift in Sources */,
				3181A0422B569D8300943C00 /* MainView.swift in Sources */,
				3181A0282B569CC300943C00 /* InstReelsApp.swift in Sources */,
			);
			runOnlyForDeploymentPostprocessing = 0;
		};
/* End PBXSourcesBuildPhase section */

/* Begin XCBuildConfiguration section */
		3181A0302B569CC600943C00 /* Debug */ = {
			isa = XCBuildConfiguration;
			buildSettings = {
				ALWAYS_SEARCH_USER_PATHS = NO;
				ASSETCATALOG_COMPILER_GENERATE_SWIFT_ASSET_SYMBOL_EXTENSIONS = YES;
				CLANG_ANALYZER_NONNULL = YES;
				CLANG_ANALYZER_NUMBER_OBJECT_CONVERSION = YES_AGGRESSIVE;
				CLANG_CXX_LANGUAGE_STANDARD = "gnu++20";
				CLANG_ENABLE_MODULES = YES;
				CLANG_ENABLE_OBJC_ARC = YES;
				CLANG_ENABLE_OBJC_WEAK = YES;
				CLANG_WARN_BLOCK_CAPTURE_AUTORELEASING = YES;
				CLANG_WARN_BOOL_CONVERSION = YES;
				CLANG_WARN_COMMA = YES;
				CLANG_WARN_CONSTANT_CONVERSION = YES;
				CLANG_WARN_DEPRECATED_OBJC_IMPLEMENTATIONS = YES;
				CLANG_WARN_DIRECT_OBJC_ISA_USAGE = YES_ERROR;
				CLANG_WARN_DOCUMENTATION_COMMENTS = YES;
				CLANG_WARN_EMPTY_BODY = YES;
				CLANG_WARN_ENUM_CONVERSION = YES;
				CLANG_WARN_INFINITE_RECURSION = YES;
				CLANG_WARN_INT_CONVERSION = YES;
				CLANG_WARN_NON_LITERAL_NULL_CONVERSION = YES;
				CLANG_WARN_OBJC_IMPLICIT_RETAIN_SELF = YES;
				CLANG_WARN_OBJC_LITERAL_CONVERSION = YES;
				CLANG_WARN_OBJC_ROOT_CLASS = YES_ERROR;
				CLANG_WARN_QUOTED_INCLUDE_IN_FRAMEWORK_HEADER = YES;
				CLANG_WARN_RANGE_LOOP_ANALYSIS = YES;
				CLANG_WARN_STRICT_PROTOTYPES = YES;
				CLANG_WARN_SUSPICIOUS_MOVE = YES;
				CLANG_WARN_UNGUARDED_AVAILABILITY = YES_AGGRESSIVE;
				CLANG_WARN_UNREACHABLE_CODE = YES;
				CLANG_WARN__DUPLICATE_METHOD_MATCH = YES;
				COPY_PHASE_STRIP = NO;
				DEBUG_INFORMATION_FORMAT = dwarf;
				ENABLE_STRICT_OBJC_MSGSEND = YES;
				ENABLE_TESTABILITY = YES;
				ENABLE_USER_SCRIPT_SANDBOXING = YES;
				GCC_C_LANGUAGE_STANDARD = gnu17;
				GCC_DYNAMIC_NO_PIC = NO;
				GCC_NO_COMMON_BLOCKS = YES;
				GCC_OPTIMIZATION_LEVEL = 0;
				GCC_PREPROCESSOR_DEFINITIONS = (
					"DEBUG=1",
					"$(inherited)",
				);
				GCC_WARN_64_TO_32_BIT_CONVERSION = YES;
				GCC_WARN_ABOUT_RETURN_TYPE = YES_ERROR;
				GCC_WARN_UNDECLARED_SELECTOR = YES;
				GCC_WARN_UNINITIALIZED_AUTOS = YES_AGGRESSIVE;
				GCC_WARN_UNUSED_FUNCTION = YES;
				GCC_WARN_UNUSED_VARIABLE = YES;
				IPHONEOS_DEPLOYMENT_TARGET = 17.2;
				LOCALIZATION_PREFERS_STRING_CATALOGS = YES;
				MTL_ENABLE_DEBUG_INFO = INCLUDE_SOURCE;
				MTL_FAST_MATH = YES;
				ONLY_ACTIVE_ARCH = YES;
				SDKROOT = iphoneos;
				SWIFT_ACTIVE_COMPILATION_CONDITIONS = "DEBUG $(inherited)";
				SWIFT_OPTIMIZATION_LEVEL = "-Onone";
			};
			name = Debug;
		};
		3181A0312B569CC600943C00 /* Release */ = {
			isa = XCBuildConfiguration;
			buildSettings = {
				ALWAYS_SEARCH_USER_PATHS = NO;
				ASSETCATALOG_COMPILER_GENERATE_SWIFT_ASSET_SYMBOL_EXTENSIONS = YES;
				CLANG_ANALYZER_NONNULL = YES;
				CLANG_ANALYZER_NUMBER_OBJECT_CONVERSION = YES_AGGRESSIVE;
				CLANG_CXX_LANGUAGE_STANDARD = "gnu++20";
				CLANG_ENABLE_MODULES = YES;
				CLANG_ENABLE_OBJC_ARC = YES;
				CLANG_ENABLE_OBJC_WEAK = YES;
				CLANG_WARN_BLOCK_CAPTURE_AUTORELEASING = YES;
				CLANG_WARN_BOOL_CONVERSION = YES;
				CLANG_WARN_COMMA = YES;
				CLANG_WARN_CONSTANT_CONVERSION = YES;
				CLANG_WARN_DEPRECATED_OBJC_IMPLEMENTATIONS = YES;
				CLANG_WARN_DIRECT_OBJC_ISA_USAGE = YES_ERROR;
				CLANG_WARN_DOCUMENTATION_COMMENTS = YES;
				CLANG_WARN_EMPTY_BODY = YES;
				CLANG_WARN_ENUM_CONVERSION = YES;
				CLANG_WARN_INFINITE_RECURSION = YES;
				CLANG_WARN_INT_CONVERSION = YES;
				CLANG_WARN_NON_LITERAL_NULL_CONVERSION = YES;
				CLANG_WARN_OBJC_IMPLICIT_RETAIN_SELF = YES;
				CLANG_WARN_OBJC_LITERAL_CONVERSION = YES;
				CLANG_WARN_OBJC_ROOT_CLASS = YES_ERROR;
				CLANG_WARN_QUOTED_INCLUDE_IN_FRAMEWORK_HEADER = YES;
				CLANG_WARN_RANGE_LOOP_ANALYSIS = YES;
				CLANG_WARN_STRICT_PROTOTYPES = YES;
				CLANG_WARN_SUSPICIOUS_MOVE = YES;
				CLANG_WARN_UNGUARDED_AVAILABILITY = YES_AGGRESSIVE;
				CLANG_WARN_UNREACHABLE_CODE = YES;
				CLANG_WARN__DUPLICATE_METHOD_MATCH = YES;
				COPY_PHASE_STRIP = NO;
				DEBUG_INFORMATION_FORMAT = "dwarf-with-dsym";
				ENABLE_NS_ASSERTIONS = NO;
				ENABLE_STRICT_OBJC_MSGSEND = YES;
				ENABLE_USER_SCRIPT_SANDBOXING = YES;
				GCC_C_LANGUAGE_STANDARD = gnu17;
				GCC_NO_COMMON_BLOCKS = YES;
				GCC_WARN_64_TO_32_BIT_CONVERSION = YES;
				GCC_WARN_ABOUT_RETURN_TYPE = YES_ERROR;
				GCC_WARN_UNDECLARED_SELECTOR = YES;
				GCC_WARN_UNINITIALIZED_AUTOS = YES_AGGRESSIVE;
				GCC_WARN_UNUSED_FUNCTION = YES;
				GCC_WARN_UNUSED_VARIABLE = YES;
				IPHONEOS_DEPLOYMENT_TARGET = 17.2;
				LOCALIZATION_PREFERS_STRING_CATALOGS = YES;
				MTL_ENABLE_DEBUG_INFO = NO;
				MTL_FAST_MATH = YES;
				SDKROOT = iphoneos;
				SWIFT_COMPILATION_MODE = wholemodule;
				VALIDATE_PRODUCT = YES;
			};
			name = Release;
		};
		3181A0332B569CC600943C00 /* Debug */ = {
			isa = XCBuildConfiguration;
			buildSettings = {
				ASSETCATALOG_COMPILER_APPICON_NAME = AppIcon;
				ASSETCATALOG_COMPILER_GLOBAL_ACCENT_COLOR_NAME = AccentColor;
				CODE_SIGN_STYLE = Automatic;
				CURRENT_PROJECT_VERSION = 1;
				DEVELOPMENT_ASSET_PATHS = "\"InstReels/Preview Content\"";
				ENABLE_PREVIEWS = YES;
				GENERATE_INFOPLIST_FILE = YES;
				INFOPLIST_KEY_UIApplicationSceneManifest_Generation = YES;
				INFOPLIST_KEY_UIApplicationSupportsIndirectInputEvents = YES;
				INFOPLIST_KEY_UILaunchScreen_Generation = YES;
				INFOPLIST_KEY_UISupportedInterfaceOrientations_iPad = "UIInterfaceOrientationPortrait UIInterfaceOrientationPortraitUpsideDown UIInterfaceOrientationLandscapeLeft UIInterfaceOrientationLandscapeRight";
				INFOPLIST_KEY_UISupportedInterfaceOrientations_iPhone = "UIInterfaceOrientationPortrait UIInterfaceOrientationLandscapeLeft UIInterfaceOrientationLandscapeRight";
				INFOPLIST_KEY_UIUserInterfaceStyle = Dark;
				LD_RUNPATH_SEARCH_PATHS = (
					"$(inherited)",
					"@executable_path/Frameworks",
				);
				MARKETING_VERSION = 1.0;
				PRODUCT_BUNDLE_IDENTIFIER = test.app.InstReels;
				PRODUCT_NAME = "$(TARGET_NAME)";
				SWIFT_EMIT_LOC_STRINGS = YES;
				SWIFT_VERSION = 5.0;
				TARGETED_DEVICE_FAMILY = "1,2";
			};
			name = Debug;
		};
		3181A0342B569CC600943C00 /* Release */ = {
			isa = XCBuildConfiguration;
			buildSettings = {
				ASSETCATALOG_COMPILER_APPICON_NAME = AppIcon;
				ASSETCATALOG_COMPILER_GLOBAL_ACCENT_COLOR_NAME = AccentColor;
				CODE_SIGN_STYLE = Automatic;
				CURRENT_PROJECT_VERSION = 1;
				DEVELOPMENT_ASSET_PATHS = "\"InstReels/Preview Content\"";
				ENABLE_PREVIEWS = YES;
				GENERATE_INFOPLIST_FILE = YES;
				INFOPLIST_KEY_UIApplicationSceneManifest_Generation = YES;
				INFOPLIST_KEY_UIApplicationSupportsIndirectInputEvents = YES;
				INFOPLIST_KEY_UILaunchScreen_Generation = YES;
				INFOPLIST_KEY_UISupportedInterfaceOrientations_iPad = "UIInterfaceOrientationPortrait UIInterfaceOrientationPortraitUpsideDown UIInterfaceOrientationLandscapeLeft UIInterfaceOrientationLandscapeRight";
				INFOPLIST_KEY_UISupportedInterfaceOrientations_iPhone = "UIInterfaceOrientationPortrait UIInterfaceOrientationLandscapeLeft UIInterfaceOrientationLandscapeRight";
				INFOPLIST_KEY_UIUserInterfaceStyle = Dark;
				LD_RUNPATH_SEARCH_PATHS = (
					"$(inherited)",
					"@executable_path/Frameworks",
				);
				MARKETING_VERSION = 1.0;
				PRODUCT_BUNDLE_IDENTIFIER = test.app.InstReels;
				PRODUCT_NAME = "$(TARGET_NAME)";
				SWIFT_EMIT_LOC_STRINGS = YES;
				SWIFT_VERSION = 5.0;
				TARGETED_DEVICE_FAMILY = "1,2";
			};
			name = Release;
		};
/* End XCBuildConfiguration section */

/* Begin XCConfigurationList section */
		3181A01F2B569CC300943C00 /* Build configuration list for PBXProject "InstReels" */ = {
			isa = XCConfigurationList;
			buildConfigurations = (
				3181A0302B569CC600943C00 /* Debug */,
				3181A0312B569CC600943C00 /* Release */,
			);
			defaultConfigurationIsVisible = 0;
			defaultConfigurationName = Release;
		};
		3181A0322B569CC600943C00 /* Build configuration list for PBXNativeTarget "InstReels" */ = {
			isa = XCConfigurationList;
			buildConfigurations = (
				3181A0332B569CC600943C00 /* Debug */,
				3181A0342B569CC600943C00 /* Release */,
			);
			defaultConfigurationIsVisible = 0;
			defaultConfigurationName = Release;
		};
/* End XCConfigurationList section */
	};
	rootObject = 3181A01C2B569CC300943C00 /* Project object */;
}
